
Microsoft Visual Studio Solution File, Format Version 12.00
# Visual Studio Version 17
Project("{8BC9CEB8-8B4A-11D0-8D11-00A0C91BC942}") = "ALL_BUILD", "ALL_BUILD.vcxproj", "{0DB49B22-57CF-33A5-8A60-9EC866922381}"
	ProjectSection(ProjectDependencies) = postProject
		{C7F52944-A720-3B7B-A58E-59BABF2BDFA2} = {C7F52944-A720-3B7B-A58E-59BABF2BDFA2}
		{7CD0E04A-65E1-348F-9E6F-E08E32353B3D} = {7CD0E04A-65E1-348F-9E6F-E08E32353B3D}
	EndProjectSection
EndProject
Project("{8BC9CEB8-8B4A-11D0-8D11-00A0C91BC942}") = "ZERO_CHECK", "ZERO_CHECK.vcxproj", "{C7F52944-A720-3B7B-A58E-59BABF2BDFA2}"
	ProjectSection(ProjectDependencies) = postProject
	EndProjectSection
EndProject
Project("{8BC9CEB8-8B4A-11D0-8D11-00A0C91BC942}") = "colorls", "colorls.vcxproj", "{7CD0E04A-65E1-348F-9E6F-E08E32353B3D}"
	ProjectSection(ProjectDependencies) = postProject
		{C7F52944-A720-3B7B-A58E-59BABF2BDFA2} = {C7F52944-A720-3B7B-A58E-59BABF2BDFA2}
	EndProjectSection
EndProject
Global
	GlobalSection(SolutionConfigurationPlatforms) = preSolution
		Debug|x64 = Debug|x64
		Release|x64 = Release|x64
		MinSizeRel|x64 = MinSizeRel|x64
		RelWithDebInfo|x64 = RelWithDebInfo|x64
	EndGlobalSection
	GlobalSection(ProjectConfigurationPlatforms) = postSolution
		{0DB49B22-57CF-33A5-8A60-9EC866922381}.Debug|x64.ActiveCfg = Debug|x64
		{0DB49B22-57CF-33A5-8A60-9EC866922381}.Release|x64.ActiveCfg = Release|x64
		{0DB49B22-57CF-33A5-8A60-9EC866922381}.MinSizeRel|x64.ActiveCfg = MinSizeRel|x64
		{0DB49B22-57CF-33A5-8A60-9EC866922381}.RelWithDebInfo|x64.ActiveCfg = RelWithDebInfo|x64
		{C7F52944-A720-3B7B-A58E-59BABF2BDFA2}.Debug|x64.ActiveCfg = Debug|x64
		{C7F52944-A720-3B7B-A58E-59BABF2BDFA2}.Debug|x64.Build.0 = Debug|x64
		{C7F52944-A720-3B7B-A58E-59BABF2BDFA2}.Release|x64.ActiveCfg = Release|x64
		{C7F52944-A720-3B7B-A58E-59BABF2BDFA2}.Release|x64.Build.0 = Release|x64
		{C7F52944-A720-3B7B-A58E-59BABF2BDFA2}.MinSizeRel|x64.ActiveCfg = MinSizeRel|x64
		{C7F52944-A720-3B7B-A58E-59BABF2BDFA2}.MinSizeRel|x64.Build.0 = MinSizeRel|x64
		{C7F52944-A720-3B7B-A58E-59BABF2BDFA2}.RelWithDebInfo|x64.ActiveCfg = RelWithDebInfo|x64
		{C7F52944-A720-3B7B-A58E-59BABF2BDFA2}.RelWithDebInfo|x64.Build.0 = RelWithDebInfo|x64
		{7CD0E04A-65E1-348F-9E6F-E08E32353B3D}.Debug|x64.ActiveCfg = Debug|x64
		{7CD0E04A-65E1-348F-9E6F-E08E32353B3D}.Debug|x64.Build.0 = Debug|x64
		{7CD0E04A-65E1-348F-9E6F-E08E32353B3D}.Release|x64.ActiveCfg = Release|x64
		{7CD0E04A-65E1-348F-9E6F-E08E32353B3D}.Release|x64.Build.0 = Release|x64
		{7CD0E04A-65E1-348F-9E6F-E08E32353B3D}.MinSizeRel|x64.ActiveCfg = MinSizeRel|x64
		{7CD0E04A-65E1-348F-9E6F-E08E32353B3D}.MinSizeRel|x64.Build.0 = MinSizeRel|x64
		{7CD0E04A-65E1-348F-9E6F-E08E32353B3D}.RelWithDebInfo|x64.ActiveCfg = RelWithDebInfo|x64
		{7CD0E04A-65E1-348F-9E6F-E08E32353B3D}.RelWithDebInfo|x64.Build.0 = RelWithDebInfo|x64
	EndGlobalSection
	GlobalSection(ExtensibilityGlobals) = postSolution
		SolutionGuid = {73ACC1D5-480E-3AA0-90AA-74165B5245FD}
	EndGlobalSection
	GlobalSection(ExtensibilityAddIns) = postSolution
	EndGlobalSection
EndGlobal
